
Microsoft Visual Studio Solution File, Format Version 12.00
# Visual Studio 15
VisualStudioVersion = 15.0.27004.2005
MinimumVisualStudioVersion = 10.0.40219.1
Project("{9A19103F-16F7-4668-BE54-9A1E7A4F7556}") = "SportUnite.UI", "SportUnite.UI\SportUnite.UI.csproj", "{42E83D55-2268-4BEA-BF86-CD8AA68A9A5E}"
EndProject
Project("{9A19103F-16F7-4668-BE54-9A1E7A4F7556}") = "SportUnite.BLL", "SportUnite.BLL\SportUnite.BLL.csproj", "{C077C1D0-70B6-4B0F-A3F9-CFAEE0BDB958}"
EndProject
Project("{9A19103F-16F7-4668-BE54-9A1E7A4F7556}") = "SportUnite.DAL", "SportUnite.DAL\SportUnite.DAL.csproj", "{F876E688-F1F1-4771-962B-681CBA2A4129}"
EndProject
Project("{9A19103F-16F7-4668-BE54-9A1E7A4F7556}") = "SportUnite.Domain", "SportUnite.Domain\SportUnite.Domain.csproj", "{0F0A7EC2-5967-4D47-82B0-40349ED8E7DA}"
EndProject
Project("{9A19103F-16F7-4668-BE54-9A1E7A4F7556}") = "SportUnite.UI.Tests", "SportUnite.UI.Tests\SportUnite.UI.Tests.csproj", "{AF594184-1F7B-46B9-BE70-78625C7CE081}"
EndProject
Project("{9A19103F-16F7-4668-BE54-9A1E7A4F7556}") = "SportUnite.BLL.Tests", "SportUnite.BLL.Tests\SportUnite.BLL.Tests.csproj", "{07A0D6E6-3903-4F61-95D1-250B0F2F1DA4}"
EndProject
Project("{9A19103F-16F7-4668-BE54-9A1E7A4F7556}") = "SportUnite.DAL.Tests", "SportUnite.DAL.Tests\SportUnite.DAL.Tests.csproj", "{68E9A4EB-CAF1-40EE-B193-96D3BACB2F0C}"
EndProject
Project("{9A19103F-16F7-4668-BE54-9A1E7A4F7556}") = "SportUnite.Domain.Tests", "SportUnite.Domain.Tests\SportUnite.Domain.Tests.csproj", "{01E94B88-9155-4AF9-B7D5-1425EFAB418F}"
EndProject
Project("{FAE04EC0-301F-11D3-BF4B-00C04F79EFBC}") = "SportUnite.API", "SportUnite.API\SportUnite.API.csproj", "{06FB3ED9-A5FD-44D6-9508-5EAAB82E989C}"
EndProject
Global
	GlobalSection(SolutionConfigurationPlatforms) = preSolution
		Debug|Any CPU = Debug|Any CPU
		Release|Any CPU = Release|Any CPU
	EndGlobalSection
	GlobalSection(ProjectConfigurationPlatforms) = postSolution
		{42E83D55-2268-4BEA-BF86-CD8AA68A9A5E}.Debug|Any CPU.ActiveCfg = Debug|Any CPU
		{42E83D55-2268-4BEA-BF86-CD8AA68A9A5E}.Debug|Any CPU.Build.0 = Debug|Any CPU
		{42E83D55-2268-4BEA-BF86-CD8AA68A9A5E}.Release|Any CPU.ActiveCfg = Release|Any CPU
		{42E83D55-2268-4BEA-BF86-CD8AA68A9A5E}.Release|Any CPU.Build.0 = Release|Any CPU
		{C077C1D0-70B6-4B0F-A3F9-CFAEE0BDB958}.Debug|Any CPU.ActiveCfg = Debug|Any CPU
		{C077C1D0-70B6-4B0F-A3F9-CFAEE0BDB958}.Debug|Any CPU.Build.0 = Debug|Any CPU
		{C077C1D0-70B6-4B0F-A3F9-CFAEE0BDB958}.Release|Any CPU.ActiveCfg = Release|Any CPU
		{C077C1D0-70B6-4B0F-A3F9-CFAEE0BDB958}.Release|Any CPU.Build.0 = Release|Any CPU
		{F876E688-F1F1-4771-962B-681CBA2A4129}.Debug|Any CPU.ActiveCfg = Debug|Any CPU
		{F876E688-F1F1-4771-962B-681CBA2A4129}.Debug|Any CPU.Build.0 = Debug|Any CPU
		{F876E688-F1F1-4771-962B-681CBA2A4129}.Release|Any CPU.ActiveCfg = Release|Any CPU
		{F876E688-F1F1-4771-962B-681CBA2A4129}.Release|Any CPU.Build.0 = Release|Any CPU
		{0F0A7EC2-5967-4D47-82B0-40349ED8E7DA}.Debug|Any CPU.ActiveCfg = Debug|Any CPU
		{0F0A7EC2-5967-4D47-82B0-40349ED8E7DA}.Debug|Any CPU.Build.0 = Debug|Any CPU
		{0F0A7EC2-5967-4D47-82B0-40349ED8E7DA}.Release|Any CPU.ActiveCfg = Release|Any CPU
		{0F0A7EC2-5967-4D47-82B0-40349ED8E7DA}.Release|Any CPU.Build.0 = Release|Any CPU
		{AF594184-1F7B-46B9-BE70-78625C7CE081}.Debug|Any CPU.ActiveCfg = Debug|Any CPU
		{AF594184-1F7B-46B9-BE70-78625C7CE081}.Debug|Any CPU.Build.0 = Debug|Any CPU
		{AF594184-1F7B-46B9-BE70-78625C7CE081}.Release|Any CPU.ActiveCfg = Release|Any CPU
		{AF594184-1F7B-46B9-BE70-78625C7CE081}.Release|Any CPU.Build.0 = Release|Any CPU
		{07A0D6E6-3903-4F61-95D1-250B0F2F1DA4}.Debug|Any CPU.ActiveCfg = Debug|Any CPU
		{07A0D6E6-3903-4F61-95D1-250B0F2F1DA4}.Debug|Any CPU.Build.0 = Debug|Any CPU
		{07A0D6E6-3903-4F61-95D1-250B0F2F1DA4}.Release|Any CPU.ActiveCfg = Release|Any CPU
		{07A0D6E6-3903-4F61-95D1-250B0F2F1DA4}.Release|Any CPU.Build.0 = Release|Any CPU
		{68E9A4EB-CAF1-40EE-B193-96D3BACB2F0C}.Debug|Any CPU.ActiveCfg = Debug|Any CPU
		{68E9A4EB-CAF1-40EE-B193-96D3BACB2F0C}.Debug|Any CPU.Build.0 = Debug|Any CPU
		{68E9A4EB-CAF1-40EE-B193-96D3BACB2F0C}.Release|Any CPU.ActiveCfg = Release|Any CPU
		{68E9A4EB-CAF1-40EE-B193-96D3BACB2F0C}.Release|Any CPU.Build.0 = Release|Any CPU
		{01E94B88-9155-4AF9-B7D5-1425EFAB418F}.Debug|Any CPU.ActiveCfg = Debug|Any CPU
		{01E94B88-9155-4AF9-B7D5-1425EFAB418F}.Debug|Any CPU.Build.0 = Debug|Any CPU
		{01E94B88-9155-4AF9-B7D5-1425EFAB418F}.Release|Any CPU.ActiveCfg = Release|Any CPU
		{01E94B88-9155-4AF9-B7D5-1425EFAB418F}.Release|Any CPU.Build.0 = Release|Any CPU
		{06FB3ED9-A5FD-44D6-9508-5EAAB82E989C}.Debug|Any CPU.ActiveCfg = Debug|Any CPU
		{06FB3ED9-A5FD-44D6-9508-5EAAB82E989C}.Debug|Any CPU.Build.0 = Debug|Any CPU
		{06FB3ED9-A5FD-44D6-9508-5EAAB82E989C}.Release|Any CPU.ActiveCfg = Release|Any CPU
		{06FB3ED9-A5FD-44D6-9508-5EAAB82E989C}.Release|Any CPU.Build.0 = Release|Any CPU
	EndGlobalSection
	GlobalSection(SolutionProperties) = preSolution
		HideSolutionNode = FALSE
	EndGlobalSection
	GlobalSection(ExtensibilityGlobals) = postSolution
		SolutionGuid = {E6DFA19C-5FE9-40BB-8CFB-76C9F4F8EFDF}
	EndGlobalSection
EndGlobal
